
Microsoft Visual Studio Solution File, Format Version 12.00
# Visual Studio 15
VisualStudioVersion = 15.0.26228.4
MinimumVisualStudioVersion = 10.0.40219.1
Project("{FAE04EC0-301F-11D3-BF4B-00C04F79EFBC}") = "messageBoardFinal", "messageBoardFinal\messageBoardFinal.csproj", "{FC1C5A68-7223-4B4D-B2DB-72B194F14282}"
EndProject
Global
	GlobalSection(SolutionConfigurationPlatforms) = preSolution
		Debug|Any CPU = Debug|Any CPU
		Release|Any CPU = Release|Any CPU
	EndGlobalSection
	GlobalSection(ProjectConfigurationPlatforms) = postSolution
		{FC1C5A68-7223-4B4D-B2DB-72B194F14282}.Debug|Any CPU.ActiveCfg = Debug|Any CPU
		{FC1C5A68-7223-4B4D-B2DB-72B194F14282}.Debug|Any CPU.Build.0 = Debug|Any CPU
		{FC1C5A68-7223-4B4D-B2DB-72B194F14282}.Release|Any CPU.ActiveCfg = Release|Any CPU
		{FC1C5A68-7223-4B4D-B2DB-72B194F14282}.Release|Any CPU.Build.0 = Release|Any CPU
	EndGlobalSection
	GlobalSection(SolutionProperties) = preSolution
		HideSolutionNode = FALSE
	EndGlobalSection
EndGlobal
